
Microsoft Visual Studio Solution File, Format Version 12.00
# Visual Studio Version 17
VisualStudioVersion = 17.7.34024.191
MinimumVisualStudioVersion = 10.0.40219.1
Project("{9A19103F-16F7-4668-BE54-9A1E7A4F7556}") = "Auth", "Auth\Auth.csproj", "{53FB0657-7A90-4227-B929-682C55EB2365}"
	ProjectSection(ProjectDependencies) = postProject
		{8C10D4F5-964C-464F-8441-29EB247E030A} = {8C10D4F5-964C-464F-8441-29EB247E030A}
		{CC92A7A6-6F1E-4483-8479-DFB52CAE3DF7} = {CC92A7A6-6F1E-4483-8479-DFB52CAE3DF7}
	EndProjectSection
EndProject
Project("{9A19103F-16F7-4668-BE54-9A1E7A4F7556}") = "Domain", "Domain\Domain.csproj", "{CC92A7A6-6F1E-4483-8479-DFB52CAE3DF7}"
EndProject
Project("{9A19103F-16F7-4668-BE54-9A1E7A4F7556}") = "Repository", "Repository\Repository.csproj", "{706BFF59-BF21-443E-8A8A-6B4466383D04}"
	ProjectSection(ProjectDependencies) = postProject
		{CC92A7A6-6F1E-4483-8479-DFB52CAE3DF7} = {CC92A7A6-6F1E-4483-8479-DFB52CAE3DF7}
	EndProjectSection
EndProject
Project("{9A19103F-16F7-4668-BE54-9A1E7A4F7556}") = "Service", "Service\Service.csproj", "{8C10D4F5-964C-464F-8441-29EB247E030A}"
	ProjectSection(ProjectDependencies) = postProject
		{CC92A7A6-6F1E-4483-8479-DFB52CAE3DF7} = {CC92A7A6-6F1E-4483-8479-DFB52CAE3DF7}
	EndProjectSection
EndProject
Global
	GlobalSection(SolutionConfigurationPlatforms) = preSolution
		Debug|Any CPU = Debug|Any CPU
		Release|Any CPU = Release|Any CPU
	EndGlobalSection
	GlobalSection(ProjectConfigurationPlatforms) = postSolution
		{53FB0657-7A90-4227-B929-682C55EB2365}.Debug|Any CPU.ActiveCfg = Debug|Any CPU
		{53FB0657-7A90-4227-B929-682C55EB2365}.Debug|Any CPU.Build.0 = Debug|Any CPU
		{53FB0657-7A90-4227-B929-682C55EB2365}.Release|Any CPU.ActiveCfg = Release|Any CPU
		{53FB0657-7A90-4227-B929-682C55EB2365}.Release|Any CPU.Build.0 = Release|Any CPU
		{CC92A7A6-6F1E-4483-8479-DFB52CAE3DF7}.Debug|Any CPU.ActiveCfg = Debug|Any CPU
		{CC92A7A6-6F1E-4483-8479-DFB52CAE3DF7}.Debug|Any CPU.Build.0 = Debug|Any CPU
		{CC92A7A6-6F1E-4483-8479-DFB52CAE3DF7}.Release|Any CPU.ActiveCfg = Release|Any CPU
		{CC92A7A6-6F1E-4483-8479-DFB52CAE3DF7}.Release|Any CPU.Build.0 = Release|Any CPU
		{706BFF59-BF21-443E-8A8A-6B4466383D04}.Debug|Any CPU.ActiveCfg = Debug|Any CPU
		{706BFF59-BF21-443E-8A8A-6B4466383D04}.Debug|Any CPU.Build.0 = Debug|Any CPU
		{706BFF59-BF21-443E-8A8A-6B4466383D04}.Release|Any CPU.ActiveCfg = Release|Any CPU
		{706BFF59-BF21-443E-8A8A-6B4466383D04}.Release|Any CPU.Build.0 = Release|Any CPU
		{8C10D4F5-964C-464F-8441-29EB247E030A}.Debug|Any CPU.ActiveCfg = Debug|Any CPU
		{8C10D4F5-964C-464F-8441-29EB247E030A}.Debug|Any CPU.Build.0 = Debug|Any CPU
		{8C10D4F5-964C-464F-8441-29EB247E030A}.Release|Any CPU.ActiveCfg = Release|Any CPU
		{8C10D4F5-964C-464F-8441-29EB247E030A}.Release|Any CPU.Build.0 = Release|Any CPU
	EndGlobalSection
	GlobalSection(SolutionProperties) = preSolution
		HideSolutionNode = FALSE
	EndGlobalSection
	GlobalSection(ExtensibilityGlobals) = postSolution
		SolutionGuid = {60FE815A-0BE4-48AD-A1AD-C2DAE2D6779C}
	EndGlobalSection
EndGlobal
